
Microsoft Visual Studio Solution File, Format Version 12.00
# Visual Studio Version 17
VisualStudioVersion = 17.14.36301.6 d17.14
MinimumVisualStudioVersion = 10.0.40219.1
Project("{FAE04EC0-301F-11D3-BF4B-00C04F79EFBC}") = "LibraryBookRental", "LibraryBookRental\LibraryBookRental.csproj", "{CF813962-1445-40A4-9E7C-5FFA750931F7}"
EndProject
Project("{FAE04EC0-301F-11D3-BF4B-00C04F79EFBC}") = "LibrarySystem.Domain", "LibrarySystem.Domain\LibrarySystem.Domain.csproj", "{7D015E41-213E-4E73-819D-5D29586E5C75}"
EndProject
Global
	GlobalSection(SolutionConfigurationPlatforms) = preSolution
		Debug|Any CPU = Debug|Any CPU
		Release|Any CPU = Release|Any CPU
	EndGlobalSection
	GlobalSection(ProjectConfigurationPlatforms) = postSolution
		{CF813962-1445-40A4-9E7C-5FFA750931F7}.Debug|Any CPU.ActiveCfg = Debug|Any CPU
		{CF813962-1445-40A4-9E7C-5FFA750931F7}.Debug|Any CPU.Build.0 = Debug|Any CPU
		{CF813962-1445-40A4-9E7C-5FFA750931F7}.Release|Any CPU.ActiveCfg = Release|Any CPU
		{CF813962-1445-40A4-9E7C-5FFA750931F7}.Release|Any CPU.Build.0 = Release|Any CPU
		{7D015E41-213E-4E73-819D-5D29586E5C75}.Debug|Any CPU.ActiveCfg = Debug|Any CPU
		{7D015E41-213E-4E73-819D-5D29586E5C75}.Debug|Any CPU.Build.0 = Debug|Any CPU
		{7D015E41-213E-4E73-819D-5D29586E5C75}.Release|Any CPU.ActiveCfg = Release|Any CPU
		{7D015E41-213E-4E73-819D-5D29586E5C75}.Release|Any CPU.Build.0 = Release|Any CPU
	EndGlobalSection
	GlobalSection(SolutionProperties) = preSolution
		HideSolutionNode = FALSE
	EndGlobalSection
	GlobalSection(ExtensibilityGlobals) = postSolution
		SolutionGuid = {3ED0655A-C7A1-40E1-9089-F1B52B6EF803}
	EndGlobalSection
EndGlobal
